dependencies:
- name: openldap
  repository: ""
  version: 1.2.3
- name: spinnaker
  repository: ""
  version: 2.2.3
- name: minio
  repository: ""
  version: 8.0.9
- name: redis
  repository: ""
  version: 10.5.3
- name: elasticsearch
  repository: ""
  version: 7.5.0
- name: kibana
  repository: ""
  version: 7.5.0
- name: fluent-bit
  repository: ""
  version: 2.8.2
- name: prometheus
  repository: ""
  version: 11.16.2
- name: grafana
  repository: ""
  version: 6.31.0
- name: gitea
  repository: ""
  version: 5.0.1
digest: sha256:673f5637aaea43189db1daba48399b82d61add60acdf8fa7d68ea3a7f769c347
generated: "2022-08-30T14:58:35.332742395+05:30"
