dependencies:
- name: openldap
  repository: https://kubernetes-charts.storage.googleapis.com/
  version: 1.2.1
- name: spinnaker
  repository: https://kubernetes-charts.storage.googleapis.com/
  version: 2.2.3
- name: elasticsearch
  repository: ""
  version: 7.5.0
- name: kibana
  repository: ""
  version: 7.5.0
- name: fluent-bit
  repository: https://kubernetes-charts.storage.googleapis.com/
  version: 1.10.3
digest: sha256:20fdd1a65c5908eb1f424b0995113f35c1b3893c1e41bbdd469ebc46c413a009
generated: "2020-09-07T11:02:01.086944285+05:30"
